// !$*UTF8*$!
{
	archiveVersion = 1;
	classes = {
	};
	objectVersion = 52;
	objects = {

/* Begin PBXBuildFile section */
		46176F162412CF95007616F9 /* ReponseWithoutId.swift in Sources */ = {isa = PBXBuildFile; fileRef = 46176F152412CF95007616F9 /* ReponseWithoutId.swift */; };
		4618404C2402EF21001A05EA /* AppDelegate.swift in Sources */ = {isa = PBXBuildFile; fileRef = 4618404B2402EF21001A05EA /* AppDelegate.swift */; };
		4618404E2402EF21001A05EA /* SceneDelegate.swift in Sources */ = {isa = PBXBuildFile; fileRef = 4618404D2402EF21001A05EA /* SceneDelegate.swift */; };
		461840512402EF21001A05EA /* ProjetAppMobile.xcdatamodeld in Sources */ = {isa = PBXBuildFile; fileRef = 4618404F2402EF21001A05EA /* ProjetAppMobile.xcdatamodeld */; };
		461840532402EF21001A05EA /* AccueilView.swift in Sources */ = {isa = PBXBuildFile; fileRef = 461840522402EF21001A05EA /* AccueilView.swift */; };
		461840552402EF22001A05EA /* Assets.xcassets in Resources */ = {isa = PBXBuildFile; fileRef = 461840542402EF22001A05EA /* Assets.xcassets */; };
		461840582402EF22001A05EA /* Preview Assets.xcassets in Resources */ = {isa = PBXBuildFile; fileRef = 461840572402EF22001A05EA /* Preview Assets.xcassets */; };
		4618405B2402EF22001A05EA /* LaunchScreen.storyboard in Resources */ = {isa = PBXBuildFile; fileRef = 461840592402EF22001A05EA /* LaunchScreen.storyboard */; };
		461840662402EF22001A05EA /* ProjetAppMobileTests.swift in Sources */ = {isa = PBXBuildFile; fileRef = 461840652402EF22001A05EA /* ProjetAppMobileTests.swift */; };
		461840712402EF22001A05EA /* ProjetAppMobileUITests.swift in Sources */ = {isa = PBXBuildFile; fileRef = 461840702402EF22001A05EA /* ProjetAppMobileUITests.swift */; };
		46184081240319ED001A05EA /* infos.rtf in Resources */ = {isa = PBXBuildFile; fileRef = 46184080240319ED001A05EA /* infos.rtf */; };
		461CAA96240CF1FC005A1291 /* RemarqueDetailView.swift in Sources */ = {isa = PBXBuildFile; fileRef = 461CAA95240CF1FC005A1291 /* RemarqueDetailView.swift */; };
		462C4241241178E0006A624A /* UserWithoutId.swift in Sources */ = {isa = PBXBuildFile; fileRef = 462C4240241178E0006A624A /* UserWithoutId.swift */; };
		46352BFA241025BC00EB83BD /* User.swift in Sources */ = {isa = PBXBuildFile; fileRef = 46352BF9241025BC00EB83BD /* User.swift */; };
		464260C6240949DA00274276 /* AjoutRemarqueView.swift in Sources */ = {isa = PBXBuildFile; fileRef = 464260C5240949DA00274276 /* AjoutRemarqueView.swift */; };
		464260CA240954D500274276 /* AjoutReponseView.swift in Sources */ = {isa = PBXBuildFile; fileRef = 464260C9240954D500274276 /* AjoutReponseView.swift */; };
		4648619E2412A85B000618D1 /* EncapsulatingView.swift in Sources */ = {isa = PBXBuildFile; fileRef = 4648619D2412A85B000618D1 /* EncapsulatingView.swift */; };
		4671F9C6240C6126002BE20A /* ProfilView.swift in Sources */ = {isa = PBXBuildFile; fileRef = 4671F9C5240C6126002BE20A /* ProfilView.swift */; };
		4671F9C8240C6287002BE20A /* ModifierProfilView.swift in Sources */ = {isa = PBXBuildFile; fileRef = 4671F9C7240C6287002BE20A /* ModifierProfilView.swift */; };
		4673A3FA2413CD06008AB0A7 /* RemarqueWithoutId.swift in Sources */ = {isa = PBXBuildFile; fileRef = 4673A3F92413CD06008AB0A7 /* RemarqueWithoutId.swift */; };
		46792A142409BC3D00BD6F91 /* Remarque.swift in Sources */ = {isa = PBXBuildFile; fileRef = 46792A132409BC3D00BD6F91 /* Remarque.swift */; };
		46792A162409BF5F00BD6F91 /* Reponse.swift in Sources */ = {isa = PBXBuildFile; fileRef = 46792A152409BF5F00BD6F91 /* Reponse.swift */; };
		46792A182409C09D00BD6F91 /* CategorieReponse.swift in Sources */ = {isa = PBXBuildFile; fileRef = 46792A172409C09D00BD6F91 /* CategorieReponse.swift */; };
		46792A1A2409C31C00BD6F91 /* CategorieRemarque.swift in Sources */ = {isa = PBXBuildFile; fileRef = 46792A192409C31C00BD6F91 /* CategorieRemarque.swift */; };
		46792A1C2409C35700BD6F91 /* Frequence.swift in Sources */ = {isa = PBXBuildFile; fileRef = 46792A1B2409C35700BD6F91 /* Frequence.swift */; };
		468D7E0E240C377100C95C25 /* Avis.swift in Sources */ = {isa = PBXBuildFile; fileRef = 468D7E0D240C377100C95C25 /* Avis.swift */; };
		468D7E10240C390E00C95C25 /* ReponseDAO.swift in Sources */ = {isa = PBXBuildFile; fileRef = 468D7E0F240C390E00C95C25 /* ReponseDAO.swift */; };
		468D7E12240C3AAB00C95C25 /* CategorieReponseDAO.swift in Sources */ = {isa = PBXBuildFile; fileRef = 468D7E11240C3AAB00C95C25 /* CategorieReponseDAO.swift */; };
		468D7E14240C3D6C00C95C25 /* CategorieRemarqueDAO.swift in Sources */ = {isa = PBXBuildFile; fileRef = 468D7E13240C3D6C00C95C25 /* CategorieRemarqueDAO.swift */; };
		468D7E16240C3DFA00C95C25 /* FrequenceDAO.swift in Sources */ = {isa = PBXBuildFile; fileRef = 468D7E15240C3DFA00C95C25 /* FrequenceDAO.swift */; };
		468D7E1A240C3F4900C95C25 /* AvisDAO.swift in Sources */ = {isa = PBXBuildFile; fileRef = 468D7E19240C3F4900C95C25 /* AvisDAO.swift */; };
		469D7A8B24096E370046F7F5 /* PersonneDAO.swift in Sources */ = {isa = PBXBuildFile; fileRef = 469D7A8A24096E370046F7F5 /* PersonneDAO.swift */; };
		469D7A8F240972890046F7F5 /* RemarqueDAO.swift in Sources */ = {isa = PBXBuildFile; fileRef = 469D7A8E240972890046F7F5 /* RemarqueDAO.swift */; };
		469EE7ED24056F4D00298341 /* Alamofire in Frameworks */ = {isa = PBXBuildFile; productRef = 469EE7EC24056F4D00298341 /* Alamofire */; };
		46F86A892406BFB20040B499 /* InscriptionView.swift in Sources */ = {isa = PBXBuildFile; fileRef = 46F86A882406BFB20040B499 /* InscriptionView.swift */; };
		46F86A8B2406C06E0040B499 /* ConnexionView.swift in Sources */ = {isa = PBXBuildFile; fileRef = 46F86A8A2406C06E0040B499 /* ConnexionView.swift */; };
		B7431FED2410016C002EAF0D /* BCrypt in Frameworks */ = {isa = PBXBuildFile; productRef = B7431FEC2410016C002EAF0D /* BCrypt */; };
		B786F4C624193C62003F861F /* Like.swift in Sources */ = {isa = PBXBuildFile; fileRef = B786F4C524193C62003F861F /* Like.swift */; };
		B786F4C824193D2C003F861F /* LikeWithoutId.swift in Sources */ = {isa = PBXBuildFile; fileRef = B786F4C724193D2C003F861F /* LikeWithoutId.swift */; };
/* End PBXBuildFile section */

/* Begin PBXContainerItemProxy section */
		461840622402EF22001A05EA /* PBXContainerItemProxy */ = {
			isa = PBXContainerItemProxy;
			containerPortal = 461840402402EF21001A05EA /* Project object */;
			proxyType = 1;
			remoteGlobalIDString = 461840472402EF21001A05EA;
			remoteInfo = ProjetAppMobile;
		};
		4618406D2402EF22001A05EA /* PBXContainerItemProxy */ = {
			isa = PBXContainerItemProxy;
			containerPortal = 461840402402EF21001A05EA /* Project object */;
			proxyType = 1;
			remoteGlobalIDString = 461840472402EF21001A05EA;
			remoteInfo = ProjetAppMobile;
		};
/* End PBXContainerItemProxy section */

/* Begin PBXFileReference section */
		46176F152412CF95007616F9 /* ReponseWithoutId.swift */ = {isa = PBXFileReference; lastKnownFileType = sourcecode.swift; path = ReponseWithoutId.swift; sourceTree = "<group>"; };
		461840482402EF21001A05EA /* ProjetAppMobile.app */ = {isa = PBXFileReference; explicitFileType = wrapper.application; includeInIndex = 0; path = ProjetAppMobile.app; sourceTree = BUILT_PRODUCTS_DIR; };
		4618404B2402EF21001A05EA /* AppDelegate.swift */ = {isa = PBXFileReference; lastKnownFileType = sourcecode.swift; path = AppDelegate.swift; sourceTree = "<group>"; };
		4618404D2402EF21001A05EA /* SceneDelegate.swift */ = {isa = PBXFileReference; lastKnownFileType = sourcecode.swift; path = SceneDelegate.swift; sourceTree = "<group>"; };
		461840502402EF21001A05EA /* ProjetAppMobile.xcdatamodel */ = {isa = PBXFileReference; lastKnownFileType = wrapper.xcdatamodel; path = ProjetAppMobile.xcdatamodel; sourceTree = "<group>"; };
		461840522402EF21001A05EA /* AccueilView.swift */ = {isa = PBXFileReference; lastKnownFileType = sourcecode.swift; path = AccueilView.swift; sourceTree = "<group>"; };
		461840542402EF22001A05EA /* Assets.xcassets */ = {isa = PBXFileReference; lastKnownFileType = folder.assetcatalog; path = Assets.xcassets; sourceTree = "<group>"; };
		461840572402EF22001A05EA /* Preview Assets.xcassets */ = {isa = PBXFileReference; lastKnownFileType = folder.assetcatalog; path = "Preview Assets.xcassets"; sourceTree = "<group>"; };
		4618405A2402EF22001A05EA /* Base */ = {isa = PBXFileReference; lastKnownFileType = file.storyboard; name = Base; path = Base.lproj/LaunchScreen.storyboard; sourceTree = "<group>"; };
		4618405C2402EF22001A05EA /* Info.plist */ = {isa = PBXFileReference; lastKnownFileType = text.plist.xml; path = Info.plist; sourceTree = "<group>"; };
		461840612402EF22001A05EA /* ProjetAppMobileTests.xctest */ = {isa = PBXFileReference; explicitFileType = wrapper.cfbundle; includeInIndex = 0; path = ProjetAppMobileTests.xctest; sourceTree = BUILT_PRODUCTS_DIR; };
		461840652402EF22001A05EA /* ProjetAppMobileTests.swift */ = {isa = PBXFileReference; lastKnownFileType = sourcecode.swift; path = ProjetAppMobileTests.swift; sourceTree = "<group>"; };
		461840672402EF22001A05EA /* Info.plist */ = {isa = PBXFileReference; lastKnownFileType = text.plist.xml; path = Info.plist; sourceTree = "<group>"; };
		4618406C2402EF22001A05EA /* ProjetAppMobileUITests.xctest */ = {isa = PBXFileReference; explicitFileType = wrapper.cfbundle; includeInIndex = 0; path = ProjetAppMobileUITests.xctest; sourceTree = BUILT_PRODUCTS_DIR; };
		461840702402EF22001A05EA /* ProjetAppMobileUITests.swift */ = {isa = PBXFileReference; lastKnownFileType = sourcecode.swift; path = ProjetAppMobileUITests.swift; sourceTree = "<group>"; };
		461840722402EF22001A05EA /* Info.plist */ = {isa = PBXFileReference; lastKnownFileType = text.plist.xml; path = Info.plist; sourceTree = "<group>"; };
		46184080240319ED001A05EA /* infos.rtf */ = {isa = PBXFileReference; lastKnownFileType = text.rtf; path = infos.rtf; sourceTree = "<group>"; };
		461CAA95240CF1FC005A1291 /* RemarqueDetailView.swift */ = {isa = PBXFileReference; lastKnownFileType = sourcecode.swift; path = RemarqueDetailView.swift; sourceTree = "<group>"; };
		462C4240241178E0006A624A /* UserWithoutId.swift */ = {isa = PBXFileReference; lastKnownFileType = sourcecode.swift; path = UserWithoutId.swift; sourceTree = "<group>"; };
		46352BF9241025BC00EB83BD /* User.swift */ = {isa = PBXFileReference; lastKnownFileType = sourcecode.swift; path = User.swift; sourceTree = "<group>"; };
		464260C5240949DA00274276 /* AjoutRemarqueView.swift */ = {isa = PBXFileReference; lastKnownFileType = sourcecode.swift; path = AjoutRemarqueView.swift; sourceTree = "<group>"; };
		464260C9240954D500274276 /* AjoutReponseView.swift */ = {isa = PBXFileReference; lastKnownFileType = sourcecode.swift; path = AjoutReponseView.swift; sourceTree = "<group>"; };
		4648619D2412A85B000618D1 /* EncapsulatingView.swift */ = {isa = PBXFileReference; lastKnownFileType = sourcecode.swift; path = EncapsulatingView.swift; sourceTree = "<group>"; };
		4671F9C5240C6126002BE20A /* ProfilView.swift */ = {isa = PBXFileReference; lastKnownFileType = sourcecode.swift; path = ProfilView.swift; sourceTree = "<group>"; };
		4671F9C7240C6287002BE20A /* ModifierProfilView.swift */ = {isa = PBXFileReference; lastKnownFileType = sourcecode.swift; path = ModifierProfilView.swift; sourceTree = "<group>"; };
		4673A3F92413CD06008AB0A7 /* RemarqueWithoutId.swift */ = {isa = PBXFileReference; lastKnownFileType = sourcecode.swift; path = RemarqueWithoutId.swift; sourceTree = "<group>"; };
		46792A132409BC3D00BD6F91 /* Remarque.swift */ = {isa = PBXFileReference; lastKnownFileType = sourcecode.swift; path = Remarque.swift; sourceTree = "<group>"; };
		46792A152409BF5F00BD6F91 /* Reponse.swift */ = {isa = PBXFileReference; lastKnownFileType = sourcecode.swift; path = Reponse.swift; sourceTree = "<group>"; };
		46792A172409C09D00BD6F91 /* CategorieReponse.swift */ = {isa = PBXFileReference; lastKnownFileType = sourcecode.swift; path = CategorieReponse.swift; sourceTree = "<group>"; };
		46792A192409C31C00BD6F91 /* CategorieRemarque.swift */ = {isa = PBXFileReference; lastKnownFileType = sourcecode.swift; path = CategorieRemarque.swift; sourceTree = "<group>"; };
		46792A1B2409C35700BD6F91 /* Frequence.swift */ = {isa = PBXFileReference; lastKnownFileType = sourcecode.swift; path = Frequence.swift; sourceTree = "<group>"; };
		468D7E0D240C377100C95C25 /* Avis.swift */ = {isa = PBXFileReference; lastKnownFileType = sourcecode.swift; path = Avis.swift; sourceTree = "<group>"; };
		468D7E0F240C390E00C95C25 /* ReponseDAO.swift */ = {isa = PBXFileReference; lastKnownFileType = sourcecode.swift; path = ReponseDAO.swift; sourceTree = "<group>"; };
		468D7E11240C3AAB00C95C25 /* CategorieReponseDAO.swift */ = {isa = PBXFileReference; lastKnownFileType = sourcecode.swift; path = CategorieReponseDAO.swift; sourceTree = "<group>"; };
		468D7E13240C3D6C00C95C25 /* CategorieRemarqueDAO.swift */ = {isa = PBXFileReference; lastKnownFileType = sourcecode.swift; path = CategorieRemarqueDAO.swift; sourceTree = "<group>"; };
		468D7E15240C3DFA00C95C25 /* FrequenceDAO.swift */ = {isa = PBXFileReference; lastKnownFileType = sourcecode.swift; path = FrequenceDAO.swift; sourceTree = "<group>"; };
		468D7E19240C3F4900C95C25 /* AvisDAO.swift */ = {isa = PBXFileReference; lastKnownFileType = sourcecode.swift; path = AvisDAO.swift; sourceTree = "<group>"; };
		469D7A8A24096E370046F7F5 /* PersonneDAO.swift */ = {isa = PBXFileReference; lastKnownFileType = sourcecode.swift; path = PersonneDAO.swift; sourceTree = "<group>"; };
		469D7A8E240972890046F7F5 /* RemarqueDAO.swift */ = {isa = PBXFileReference; lastKnownFileType = sourcecode.swift; path = RemarqueDAO.swift; sourceTree = "<group>"; };
		46F86A882406BFB20040B499 /* InscriptionView.swift */ = {isa = PBXFileReference; lastKnownFileType = sourcecode.swift; path = InscriptionView.swift; sourceTree = "<group>"; };
		46F86A8A2406C06E0040B499 /* ConnexionView.swift */ = {isa = PBXFileReference; lastKnownFileType = sourcecode.swift; path = ConnexionView.swift; sourceTree = "<group>"; };
		B786F4C524193C62003F861F /* Like.swift */ = {isa = PBXFileReference; lastKnownFileType = sourcecode.swift; path = Like.swift; sourceTree = "<group>"; };
		B786F4C724193D2C003F861F /* LikeWithoutId.swift */ = {isa = PBXFileReference; lastKnownFileType = sourcecode.swift; path = LikeWithoutId.swift; sourceTree = "<group>"; };
/* End PBXFileReference section */

/* Begin PBXFrameworksBuildPhase section */
		461840452402EF21001A05EA /* Frameworks */ = {
			isa = PBXFrameworksBuildPhase;
			buildActionMask = 2147483647;
			files = (
				B7431FED2410016C002EAF0D /* BCrypt in Frameworks */,
				469EE7ED24056F4D00298341 /* Alamofire in Frameworks */,
			);
			runOnlyForDeploymentPostprocessing = 0;
		};
		4618405E2402EF22001A05EA /* Frameworks */ = {
			isa = PBXFrameworksBuildPhase;
			buildActionMask = 2147483647;
			files = (
			);
			runOnlyForDeploymentPostprocessing = 0;
		};
		461840692402EF22001A05EA /* Frameworks */ = {
			isa = PBXFrameworksBuildPhase;
			buildActionMask = 2147483647;
			files = (
			);
			runOnlyForDeploymentPostprocessing = 0;
		};
/* End PBXFrameworksBuildPhase section */

/* Begin PBXGroup section */
		4618403F2402EF21001A05EA = {
			isa = PBXGroup;
			children = (
				4618404A2402EF21001A05EA /* ProjetAppMobile */,
				461840642402EF22001A05EA /* ProjetAppMobileTests */,
				4618406F2402EF22001A05EA /* ProjetAppMobileUITests */,
				461840492402EF21001A05EA /* Products */,
			);
			sourceTree = "<group>";
		};
		461840492402EF21001A05EA /* Products */ = {
			isa = PBXGroup;
			children = (
				461840482402EF21001A05EA /* ProjetAppMobile.app */,
				461840612402EF22001A05EA /* ProjetAppMobileTests.xctest */,
				4618406C2402EF22001A05EA /* ProjetAppMobileUITests.xctest */,
			);
			name = Products;
			sourceTree = "<group>";
		};
		4618404A2402EF21001A05EA /* ProjetAppMobile */ = {
			isa = PBXGroup;
			children = (
				469D7A8924096DDB0046F7F5 /* DAO */,
				4618407F2402F625001A05EA /* Views */,
				4618407E2402F614001A05EA /* Models */,
				4618404B2402EF21001A05EA /* AppDelegate.swift */,
				4618404D2402EF21001A05EA /* SceneDelegate.swift */,
				461840542402EF22001A05EA /* Assets.xcassets */,
				461840592402EF22001A05EA /* LaunchScreen.storyboard */,
				4618405C2402EF22001A05EA /* Info.plist */,
				4618404F2402EF21001A05EA /* ProjetAppMobile.xcdatamodeld */,
				461840562402EF22001A05EA /* Preview Content */,
				46184080240319ED001A05EA /* infos.rtf */,
			);
			path = ProjetAppMobile;
			sourceTree = "<group>";
		};
		461840562402EF22001A05EA /* Preview Content */ = {
			isa = PBXGroup;
			children = (
				461840572402EF22001A05EA /* Preview Assets.xcassets */,
			);
			path = "Preview Content";
			sourceTree = "<group>";
		};
		461840642402EF22001A05EA /* ProjetAppMobileTests */ = {
			isa = PBXGroup;
			children = (
				461840652402EF22001A05EA /* ProjetAppMobileTests.swift */,
				461840672402EF22001A05EA /* Info.plist */,
			);
			path = ProjetAppMobileTests;
			sourceTree = "<group>";
		};
		4618406F2402EF22001A05EA /* ProjetAppMobileUITests */ = {
			isa = PBXGroup;
			children = (
				461840702402EF22001A05EA /* ProjetAppMobileUITests.swift */,
				461840722402EF22001A05EA /* Info.plist */,
			);
			path = ProjetAppMobileUITests;
			sourceTree = "<group>";
		};
		4618407E2402F614001A05EA /* Models */ = {
			isa = PBXGroup;
			children = (
				46352BF9241025BC00EB83BD /* User.swift */,
				462C4240241178E0006A624A /* UserWithoutId.swift */,
				46792A132409BC3D00BD6F91 /* Remarque.swift */,
				4673A3F92413CD06008AB0A7 /* RemarqueWithoutId.swift */,
				46792A152409BF5F00BD6F91 /* Reponse.swift */,
				46792A172409C09D00BD6F91 /* CategorieReponse.swift */,
				46792A192409C31C00BD6F91 /* CategorieRemarque.swift */,
				46792A1B2409C35700BD6F91 /* Frequence.swift */,
				468D7E0D240C377100C95C25 /* Avis.swift */,
				46176F152412CF95007616F9 /* ReponseWithoutId.swift */,
				B786F4C524193C62003F861F /* Like.swift */,
				B786F4C724193D2C003F861F /* LikeWithoutId.swift */,
			);
			path = Models;
			sourceTree = "<group>";
		};
		4618407F2402F625001A05EA /* Views */ = {
			isa = PBXGroup;
			children = (
				461840522402EF21001A05EA /* AccueilView.swift */,
				4671F9C5240C6126002BE20A /* ProfilView.swift */,
				4671F9C7240C6287002BE20A /* ModifierProfilView.swift */,
				46F86A882406BFB20040B499 /* InscriptionView.swift */,
				46F86A8A2406C06E0040B499 /* ConnexionView.swift */,
				464260C5240949DA00274276 /* AjoutRemarqueView.swift */,
				464260C9240954D500274276 /* AjoutReponseView.swift */,
				461CAA95240CF1FC005A1291 /* RemarqueDetailView.swift */,
				4648619D2412A85B000618D1 /* EncapsulatingView.swift */,
			);
			path = Views;
			sourceTree = "<group>";
		};
		469D7A8924096DDB0046F7F5 /* DAO */ = {
			isa = PBXGroup;
			children = (
				469D7A8A24096E370046F7F5 /* PersonneDAO.swift */,
				469D7A8E240972890046F7F5 /* RemarqueDAO.swift */,
				468D7E0F240C390E00C95C25 /* ReponseDAO.swift */,
				468D7E11240C3AAB00C95C25 /* CategorieReponseDAO.swift */,
				468D7E13240C3D6C00C95C25 /* CategorieRemarqueDAO.swift */,
				468D7E15240C3DFA00C95C25 /* FrequenceDAO.swift */,
				468D7E19240C3F4900C95C25 /* AvisDAO.swift */,
			);
			path = DAO;
			sourceTree = "<group>";
		};
/* End PBXGroup section */

/* Begin PBXNativeTarget section */
		461840472402EF21001A05EA /* ProjetAppMobile */ = {
			isa = PBXNativeTarget;
			buildConfigurationList = 461840752402EF22001A05EA /* Build configuration list for PBXNativeTarget "ProjetAppMobile" */;
			buildPhases = (
				461840442402EF21001A05EA /* Sources */,
				461840452402EF21001A05EA /* Frameworks */,
				461840462402EF21001A05EA /* Resources */,
			);
			buildRules = (
			);
			dependencies = (
			);
			name = ProjetAppMobile;
			packageProductDependencies = (
				469EE7EC24056F4D00298341 /* Alamofire */,
				B7431FEC2410016C002EAF0D /* BCrypt */,
			);
			productName = ProjetAppMobile;
			productReference = 461840482402EF21001A05EA /* ProjetAppMobile.app */;
			productType = "com.apple.product-type.application";
		};
		461840602402EF22001A05EA /* ProjetAppMobileTests */ = {
			isa = PBXNativeTarget;
			buildConfigurationList = 461840782402EF22001A05EA /* Build configuration list for PBXNativeTarget "ProjetAppMobileTests" */;
			buildPhases = (
				4618405D2402EF22001A05EA /* Sources */,
				4618405E2402EF22001A05EA /* Frameworks */,
				4618405F2402EF22001A05EA /* Resources */,
			);
			buildRules = (
			);
			dependencies = (
				461840632402EF22001A05EA /* PBXTargetDependency */,
			);
			name = ProjetAppMobileTests;
			productName = ProjetAppMobileTests;
			productReference = 461840612402EF22001A05EA /* ProjetAppMobileTests.xctest */;
			productType = "com.apple.product-type.bundle.unit-test";
		};
		4618406B2402EF22001A05EA /* ProjetAppMobileUITests */ = {
			isa = PBXNativeTarget;
			buildConfigurationList = 4618407B2402EF22001A05EA /* Build configuration list for PBXNativeTarget "ProjetAppMobileUITests" */;
			buildPhases = (
				461840682402EF22001A05EA /* Sources */,
				461840692402EF22001A05EA /* Frameworks */,
				4618406A2402EF22001A05EA /* Resources */,
			);
			buildRules = (
			);
			dependencies = (
				4618406E2402EF22001A05EA /* PBXTargetDependency */,
			);
			name = ProjetAppMobileUITests;
			productName = ProjetAppMobileUITests;
			productReference = 4618406C2402EF22001A05EA /* ProjetAppMobileUITests.xctest */;
			productType = "com.apple.product-type.bundle.ui-testing";
		};
/* End PBXNativeTarget section */

/* Begin PBXProject section */
		461840402402EF21001A05EA /* Project object */ = {
			isa = PBXProject;
			attributes = {
				LastSwiftUpdateCheck = 1130;
				LastUpgradeCheck = 1130;
				ORGANIZATIONNAME = BourratSanchezThomas;
				TargetAttributes = {
					461840472402EF21001A05EA = {
						CreatedOnToolsVersion = 11.3.1;
					};
					461840602402EF22001A05EA = {
						CreatedOnToolsVersion = 11.3.1;
						TestTargetID = 461840472402EF21001A05EA;
					};
					4618406B2402EF22001A05EA = {
						CreatedOnToolsVersion = 11.3.1;
						TestTargetID = 461840472402EF21001A05EA;
					};
				};
			};
			buildConfigurationList = 461840432402EF21001A05EA /* Build configuration list for PBXProject "ProjetAppMobile" */;
			compatibilityVersion = "Xcode 9.3";
			developmentRegion = en;
			hasScannedForEncodings = 0;
			knownRegions = (
				en,
				Base,
			);
			mainGroup = 4618403F2402EF21001A05EA;
			packageReferences = (
				469EE7EB24056F4D00298341 /* XCRemoteSwiftPackageReference "Alamofire" */,
				B7431FEB2410016C002EAF0D /* XCRemoteSwiftPackageReference "bcrypt" */,
			);
			productRefGroup = 461840492402EF21001A05EA /* Products */;
			projectDirPath = "";
			projectRoot = "";
			targets = (
				461840472402EF21001A05EA /* ProjetAppMobile */,
				461840602402EF22001A05EA /* ProjetAppMobileTests */,
				4618406B2402EF22001A05EA /* ProjetAppMobileUITests */,
			);
		};
/* End PBXProject section */

/* Begin PBXResourcesBuildPhase section */
		461840462402EF21001A05EA /* Resources */ = {
			isa = PBXResourcesBuildPhase;
			buildActionMask = 2147483647;
			files = (
				4618405B2402EF22001A05EA /* LaunchScreen.storyboard in Resources */,
				461840582402EF22001A05EA /* Preview Assets.xcassets in Resources */,
				46184081240319ED001A05EA /* infos.rtf in Resources */,
				461840552402EF22001A05EA /* Assets.xcassets in Resources */,
			);
			runOnlyForDeploymentPostprocessing = 0;
		};
		4618405F2402EF22001A05EA /* Resources */ = {
			isa = PBXResourcesBuildPhase;
			buildActionMask = 2147483647;
			files = (
			);
			runOnlyForDeploymentPostprocessing = 0;
		};
		4618406A2402EF22001A05EA /* Resources */ = {
			isa = PBXResourcesBuildPhase;
			buildActionMask = 2147483647;
			files = (
			);
			runOnlyForDeploymentPostprocessing = 0;
		};
/* End PBXResourcesBuildPhase section */

/* Begin PBXSourcesBuildPhase section */
		461840442402EF21001A05EA /* Sources */ = {
			isa = PBXSourcesBuildPhase;
			buildActionMask = 2147483647;
			files = (
				46792A1C2409C35700BD6F91 /* Frequence.swift in Sources */,
				B786F4C824193D2C003F861F /* LikeWithoutId.swift in Sources */,
				461840512402EF21001A05EA /* ProjetAppMobile.xcdatamodeld in Sources */,
				469D7A8F240972890046F7F5 /* RemarqueDAO.swift in Sources */,
				46792A142409BC3D00BD6F91 /* Remarque.swift in Sources */,
				4618404C2402EF21001A05EA /* AppDelegate.swift in Sources */,
				46F86A8B2406C06E0040B499 /* ConnexionView.swift in Sources */,
				461840532402EF21001A05EA /* AccueilView.swift in Sources */,
				468D7E1A240C3F4900C95C25 /* AvisDAO.swift in Sources */,
				46352BFA241025BC00EB83BD /* User.swift in Sources */,
				4673A3FA2413CD06008AB0A7 /* RemarqueWithoutId.swift in Sources */,
				4671F9C8240C6287002BE20A /* ModifierProfilView.swift in Sources */,
				462C4241241178E0006A624A /* UserWithoutId.swift in Sources */,
				461CAA96240CF1FC005A1291 /* RemarqueDetailView.swift in Sources */,
				468D7E0E240C377100C95C25 /* Avis.swift in Sources */,
				46792A1A2409C31C00BD6F91 /* CategorieRemarque.swift in Sources */,
				464260C6240949DA00274276 /* AjoutRemarqueView.swift in Sources */,
				46176F162412CF95007616F9 /* ReponseWithoutId.swift in Sources */,
				468D7E12240C3AAB00C95C25 /* CategorieReponseDAO.swift in Sources */,
				46792A162409BF5F00BD6F91 /* Reponse.swift in Sources */,
				46792A182409C09D00BD6F91 /* CategorieReponse.swift in Sources */,
				469D7A8B24096E370046F7F5 /* PersonneDAO.swift in Sources */,
				46F86A892406BFB20040B499 /* InscriptionView.swift in Sources */,
				468D7E14240C3D6C00C95C25 /* CategorieRemarqueDAO.swift in Sources */,
				4671F9C6240C6126002BE20A /* ProfilView.swift in Sources */,
				B786F4C624193C62003F861F /* Like.swift in Sources */,
				4648619E2412A85B000618D1 /* EncapsulatingView.swift in Sources */,
				468D7E16240C3DFA00C95C25 /* FrequenceDAO.swift in Sources */,
				468D7E10240C390E00C95C25 /* ReponseDAO.swift in Sources */,
				4618404E2402EF21001A05EA /* SceneDelegate.swift in Sources */,
				464260CA240954D500274276 /* AjoutReponseView.swift in Sources */,
			);
			runOnlyForDeploymentPostprocessing = 0;
		};
		4618405D2402EF22001A05EA /* Sources */ = {
			isa = PBXSourcesBuildPhase;
			buildActionMask = 2147483647;
			files = (
				461840662402EF22001A05EA /* ProjetAppMobileTests.swift in Sources */,
			);
			runOnlyForDeploymentPostprocessing = 0;
		};
		461840682402EF22001A05EA /* Sources */ = {
			isa = PBXSourcesBuildPhase;
			buildActionMask = 2147483647;
			files = (
				461840712402EF22001A05EA /* ProjetAppMobileUITests.swift in Sources */,
			);
			runOnlyForDeploymentPostprocessing = 0;
		};
/* End PBXSourcesBuildPhase section */

/* Begin PBXTargetDependency section */
		461840632402EF22001A05EA /* PBXTargetDependency */ = {
			isa = PBXTargetDependency;
			target = 461840472402EF21001A05EA /* ProjetAppMobile */;
			targetProxy = 461840622402EF22001A05EA /* PBXContainerItemProxy */;
		};
		4618406E2402EF22001A05EA /* PBXTargetDependency */ = {
			isa = PBXTargetDependency;
			target = 461840472402EF21001A05EA /* ProjetAppMobile */;
			targetProxy = 4618406D2402EF22001A05EA /* PBXContainerItemProxy */;
		};
/* End PBXTargetDependency section */

/* Begin PBXVariantGroup section */
		461840592402EF22001A05EA /* LaunchScreen.storyboard */ = {
			isa = PBXVariantGroup;
			children = (
				4618405A2402EF22001A05EA /* Base */,
			);
			name = LaunchScreen.storyboard;
			sourceTree = "<group>";
		};
/* End PBXVariantGroup section */

/* Begin XCBuildConfiguration section */
		461840732402EF22001A05EA /* Debug */ = {
			isa = XCBuildConfiguration;
			buildSettings = {
				ALWAYS_SEARCH_USER_PATHS = NO;
				CLANG_ANALYZER_NONNULL = YES;
				CLANG_ANALYZER_NUMBER_OBJECT_CONVERSION = YES_AGGRESSIVE;
				CLANG_CXX_LANGUAGE_STANDARD = "gnu++14";
				CLANG_CXX_LIBRARY = "libc++";
				CLANG_ENABLE_MODULES = YES;
				CLANG_ENABLE_OBJC_ARC = YES;
				CLANG_ENABLE_OBJC_WEAK = YES;
				CLANG_WARN_BLOCK_CAPTURE_AUTORELEASING = YES;
				CLANG_WARN_BOOL_CONVERSION = YES;
				CLANG_WARN_COMMA = YES;
				CLANG_WARN_CONSTANT_CONVERSION = YES;
				CLANG_WARN_DEPRECATED_OBJC_IMPLEMENTATIONS = YES;
				CLANG_WARN_DIRECT_OBJC_ISA_USAGE = YES_ERROR;
				CLANG_WARN_DOCUMENTATION_COMMENTS = YES;
				CLANG_WARN_EMPTY_BODY = YES;
				CLANG_WARN_ENUM_CONVERSION = YES;
				CLANG_WARN_INFINITE_RECURSION = YES;
				CLANG_WARN_INT_CONVERSION = YES;
				CLANG_WARN_NON_LITERAL_NULL_CONVERSION = YES;
				CLANG_WARN_OBJC_IMPLICIT_RETAIN_SELF = YES;
				CLANG_WARN_OBJC_LITERAL_CONVERSION = YES;
				CLANG_WARN_OBJC_ROOT_CLASS = YES_ERROR;
				CLANG_WARN_RANGE_LOOP_ANALYSIS = YES;
				CLANG_WARN_STRICT_PROTOTYPES = YES;
				CLANG_WARN_SUSPICIOUS_MOVE = YES;
				CLANG_WARN_UNGUARDED_AVAILABILITY = YES_AGGRESSIVE;
				CLANG_WARN_UNREACHABLE_CODE = YES;
				CLANG_WARN__DUPLICATE_METHOD_MATCH = YES;
				COPY_PHASE_STRIP = NO;
				DEBUG_INFORMATION_FORMAT = dwarf;
				ENABLE_STRICT_OBJC_MSGSEND = YES;
				ENABLE_TESTABILITY = YES;
				GCC_C_LANGUAGE_STANDARD = gnu11;
				GCC_DYNAMIC_NO_PIC = NO;
				GCC_NO_COMMON_BLOCKS = YES;
				GCC_OPTIMIZATION_LEVEL = 0;
				GCC_PREPROCESSOR_DEFINITIONS = (
					"DEBUG=1",
					"$(inherited)",
				);
				GCC_WARN_64_TO_32_BIT_CONVERSION = YES;
				GCC_WARN_ABOUT_RETURN_TYPE = YES_ERROR;
				GCC_WARN_UNDECLARED_SELECTOR = YES;
				GCC_WARN_UNINITIALIZED_AUTOS = YES_AGGRESSIVE;
				GCC_WARN_UNUSED_FUNCTION = YES;
				GCC_WARN_UNUSED_VARIABLE = YES;
				IPHONEOS_DEPLOYMENT_TARGET = 13.2;
				MTL_ENABLE_DEBUG_INFO = INCLUDE_SOURCE;
				MTL_FAST_MATH = YES;
				ONLY_ACTIVE_ARCH = YES;
				SDKROOT = iphoneos;
				SWIFT_ACTIVE_COMPILATION_CONDITIONS = DEBUG;
				SWIFT_OPTIMIZATION_LEVEL = "-Onone";
			};
			name = Debug;
		};
		461840742402EF22001A05EA /* Release */ = {
			isa = XCBuildConfiguration;
			buildSettings = {
				ALWAYS_SEARCH_USER_PATHS = NO;
				CLANG_ANALYZER_NONNULL = YES;
				CLANG_ANALYZER_NUMBER_OBJECT_CONVERSION = YES_AGGRESSIVE;
				CLANG_CXX_LANGUAGE_STANDARD = "gnu++14";
				CLANG_CXX_LIBRARY = "libc++";
				CLANG_ENABLE_MODULES = YES;
				CLANG_ENABLE_OBJC_ARC = YES;
				CLANG_ENABLE_OBJC_WEAK = YES;
				CLANG_WARN_BLOCK_CAPTURE_AUTORELEASING = YES;
				CLANG_WARN_BOOL_CONVERSION = YES;
				CLANG_WARN_COMMA = YES;
				CLANG_WARN_CONSTANT_CONVERSION = YES;
				CLANG_WARN_DEPRECATED_OBJC_IMPLEMENTATIONS = YES;
				CLANG_WARN_DIRECT_OBJC_ISA_USAGE = YES_ERROR;
				CLANG_WARN_DOCUMENTATION_COMMENTS = YES;
				CLANG_WARN_EMPTY_BODY = YES;
				CLANG_WARN_ENUM_CONVERSION = YES;
				CLANG_WARN_INFINITE_RECURSION = YES;
				CLANG_WARN_INT_CONVERSION = YES;
				CLANG_WARN_NON_LITERAL_NULL_CONVERSION = YES;
				CLANG_WARN_OBJC_IMPLICIT_RETAIN_SELF = YES;
				CLANG_WARN_OBJC_LITERAL_CONVERSION = YES;
				CLANG_WARN_OBJC_ROOT_CLASS = YES_ERROR;
				CLANG_WARN_RANGE_LOOP_ANALYSIS = YES;
				CLANG_WARN_STRICT_PROTOTYPES = YES;
				CLANG_WARN_SUSPICIOUS_MOVE = YES;
				CLANG_WARN_UNGUARDED_AVAILABILITY = YES_AGGRESSIVE;
				CLANG_WARN_UNREACHABLE_CODE = YES;
				CLANG_WARN__DUPLICATE_METHOD_MATCH = YES;
				COPY_PHASE_STRIP = NO;
				DEBUG_INFORMATION_FORMAT = "dwarf-with-dsym";
				ENABLE_NS_ASSERTIONS = NO;
				ENABLE_STRICT_OBJC_MSGSEND = YES;
				GCC_C_LANGUAGE_STANDARD = gnu11;
				GCC_NO_COMMON_BLOCKS = YES;
				GCC_WARN_64_TO_32_BIT_CONVERSION = YES;
				GCC_WARN_ABOUT_RETURN_TYPE = YES_ERROR;
				GCC_WARN_UNDECLARED_SELECTOR = YES;
				GCC_WARN_UNINITIALIZED_AUTOS = YES_AGGRESSIVE;
				GCC_WARN_UNUSED_FUNCTION = YES;
				GCC_WARN_UNUSED_VARIABLE = YES;
				IPHONEOS_DEPLOYMENT_TARGET = 13.2;
				MTL_ENABLE_DEBUG_INFO = NO;
				MTL_FAST_MATH = YES;
				SDKROOT = iphoneos;
				SWIFT_COMPILATION_MODE = wholemodule;
				SWIFT_OPTIMIZATION_LEVEL = "-O";
				VALIDATE_PRODUCT = YES;
			};
			name = Release;
		};
		461840762402EF22001A05EA /* Debug */ = {
			isa = XCBuildConfiguration;
			buildSettings = {
				ASSETCATALOG_COMPILER_APPICON_NAME = AppIcon;
				CODE_SIGN_STYLE = Automatic;
				DEVELOPMENT_ASSET_PATHS = "\"ProjetAppMobile/Preview Content\"";
				DEVELOPMENT_TEAM = 37U434RRHH;
				ENABLE_PREVIEWS = YES;
				INFOPLIST_FILE = ProjetAppMobile/Info.plist;
				LD_RUNPATH_SEARCH_PATHS = (
					"$(inherited)",
					"@executable_path/Frameworks",
				);
				PRODUCT_BUNDLE_IDENTIFIER = BST.ProjetAppMobile;
				PRODUCT_NAME = "$(TARGET_NAME)";
				SWIFT_VERSION = 5.0;
				TARGETED_DEVICE_FAMILY = "1,2";
			};
			name = Debug;
		};
		461840772402EF22001A05EA /* Release */ = {
			isa = XCBuildConfiguration;
			buildSettings = {
				ASSETCATALOG_COMPILER_APPICON_NAME = AppIcon;
				CODE_SIGN_STYLE = Automatic;
				DEVELOPMENT_ASSET_PATHS = "\"ProjetAppMobile/Preview Content\"";
				DEVELOPMENT_TEAM = 37U434RRHH;
				ENABLE_PREVIEWS = YES;
				INFOPLIST_FILE = ProjetAppMobile/Info.plist;
				LD_RUNPATH_SEARCH_PATHS = (
					"$(inherited)",
					"@executable_path/Frameworks",
				);
				PRODUCT_BUNDLE_IDENTIFIER = BST.ProjetAppMobile;
				PRODUCT_NAME = "$(TARGET_NAME)";
				SWIFT_VERSION = 5.0;
				TARGETED_DEVICE_FAMILY = "1,2";
			};
			name = Release;
		};
		461840792402EF22001A05EA /* Debug */ = {
			isa = XCBuildConfiguration;
			buildSettings = {
				ALWAYS_EMBED_SWIFT_STANDARD_LIBRARIES = YES;
				BUNDLE_LOADER = "$(TEST_HOST)";
				CODE_SIGN_STYLE = Automatic;
				INFOPLIST_FILE = ProjetAppMobileTests/Info.plist;
				IPHONEOS_DEPLOYMENT_TARGET = 13.2;
				LD_RUNPATH_SEARCH_PATHS = (
					"$(inherited)",
					"@executable_path/Frameworks",
					"@loader_path/Frameworks",
				);
				PRODUCT_BUNDLE_IDENTIFIER = BST.ProjetAppMobileTests;
				PRODUCT_NAME = "$(TARGET_NAME)";
				SWIFT_VERSION = 5.0;
				TARGETED_DEVICE_FAMILY = "1,2";
				TEST_HOST = "$(BUILT_PRODUCTS_DIR)/ProjetAppMobile.app/ProjetAppMobile";
			};
			name = Debug;
		};
		4618407A2402EF22001A05EA /* Release */ = {
			isa = XCBuildConfiguration;
			buildSettings = {
				ALWAYS_EMBED_SWIFT_STANDARD_LIBRARIES = YES;
				BUNDLE_LOADER = "$(TEST_HOST)";
				CODE_SIGN_STYLE = Automatic;
				INFOPLIST_FILE = ProjetAppMobileTests/Info.plist;
				IPHONEOS_DEPLOYMENT_TARGET = 13.2;
				LD_RUNPATH_SEARCH_PATHS = (
					"$(inherited)",
					"@executable_path/Frameworks",
					"@loader_path/Frameworks",
				);
				PRODUCT_BUNDLE_IDENTIFIER = BST.ProjetAppMobileTests;
				PRODUCT_NAME = "$(TARGET_NAME)";
				SWIFT_VERSION = 5.0;
				TARGETED_DEVICE_FAMILY = "1,2";
				TEST_HOST = "$(BUILT_PRODUCTS_DIR)/ProjetAppMobile.app/ProjetAppMobile";
			};
			name = Release;
		};
		4618407C2402EF22001A05EA /* Debug */ = {
			isa = XCBuildConfiguration;
			buildSettings = {
				ALWAYS_EMBED_SWIFT_STANDARD_LIBRARIES = YES;
				CODE_SIGN_STYLE = Automatic;
				INFOPLIST_FILE = ProjetAppMobileUITests/Info.plist;
				LD_RUNPATH_SEARCH_PATHS = (
					"$(inherited)",
					"@executable_path/Frameworks",
					"@loader_path/Frameworks",
				);
				PRODUCT_BUNDLE_IDENTIFIER = BST.ProjetAppMobileUITests;
				PRODUCT_NAME = "$(TARGET_NAME)";
				SWIFT_VERSION = 5.0;
				TARGETED_DEVICE_FAMILY = "1,2";
				TEST_TARGET_NAME = ProjetAppMobile;
			};
			name = Debug;
		};
		4618407D2402EF22001A05EA /* Release */ = {
			isa = XCBuildConfiguration;
			buildSettings = {
				ALWAYS_EMBED_SWIFT_STANDARD_LIBRARIES = YES;
				CODE_SIGN_STYLE = Automatic;
				INFOPLIST_FILE = ProjetAppMobileUITests/Info.plist;
				LD_RUNPATH_SEARCH_PATHS = (
					"$(inherited)",
					"@executable_path/Frameworks",
					"@loader_path/Frameworks",
				);
				PRODUCT_BUNDLE_IDENTIFIER = BST.ProjetAppMobileUITests;
				PRODUCT_NAME = "$(TARGET_NAME)";
				SWIFT_VERSION = 5.0;
				TARGETED_DEVICE_FAMILY = "1,2";
				TEST_TARGET_NAME = ProjetAppMobile;
			};
			name = Release;
		};
/* End XCBuildConfiguration section */

/* Begin XCConfigurationList section */
		461840432402EF21001A05EA /* Build configuration list for PBXProject "ProjetAppMobile" */ = {
			isa = XCConfigurationList;
			buildConfigurations = (
				461840732402EF22001A05EA /* Debug */,
				461840742402EF22001A05EA /* Release */,
			);
			defaultConfigurationIsVisible = 0;
			defaultConfigurationName = Release;
		};
		461840752402EF22001A05EA /* Build configuration list for PBXNativeTarget "ProjetAppMobile" */ = {
			isa = XCConfigurationList;
			buildConfigurations = (
				461840762402EF22001A05EA /* Debug */,
				461840772402EF22001A05EA /* Release */,
			);
			defaultConfigurationIsVisible = 0;
			defaultConfigurationName = Release;
		};
		461840782402EF22001A05EA /* Build configuration list for PBXNativeTarget "ProjetAppMobileTests" */ = {
			isa = XCConfigurationList;
			buildConfigurations = (
				461840792402EF22001A05EA /* Debug */,
				4618407A2402EF22001A05EA /* Release */,
			);
			defaultConfigurationIsVisible = 0;
			defaultConfigurationName = Release;
		};
		4618407B2402EF22001A05EA /* Build configuration list for PBXNativeTarget "ProjetAppMobileUITests" */ = {
			isa = XCConfigurationList;
			buildConfigurations = (
				4618407C2402EF22001A05EA /* Debug */,
				4618407D2402EF22001A05EA /* Release */,
			);
			defaultConfigurationIsVisible = 0;
			defaultConfigurationName = Release;
		};
/* End XCConfigurationList section */

/* Begin XCRemoteSwiftPackageReference section */
		469EE7EB24056F4D00298341 /* XCRemoteSwiftPackageReference "Alamofire" */ = {
			isa = XCRemoteSwiftPackageReference;
			repositoryURL = "https://github.com/Alamofire/Alamofire";
			requirement = {
				kind = upToNextMajorVersion;
				minimumVersion = 5.0.2;
			};
		};
		B7431FEB2410016C002EAF0D /* XCRemoteSwiftPackageReference "bcrypt" */ = {
			isa = XCRemoteSwiftPackageReference;
			repositoryURL = "https://github.com/vapor-community/bcrypt.git";
			requirement = {
				kind = upToNextMajorVersion;
				minimumVersion = 1.1.1;
			};
		};
/* End XCRemoteSwiftPackageReference section */

/* Begin XCSwiftPackageProductDependency section */
		469EE7EC24056F4D00298341 /* Alamofire */ = {
			isa = XCSwiftPackageProductDependency;
			package = 469EE7EB24056F4D00298341 /* XCRemoteSwiftPackageReference "Alamofire" */;
			productName = Alamofire;
		};
		B7431FEC2410016C002EAF0D /* BCrypt */ = {
			isa = XCSwiftPackageProductDependency;
			package = B7431FEB2410016C002EAF0D /* XCRemoteSwiftPackageReference "bcrypt" */;
			productName = BCrypt;
		};
/* End XCSwiftPackageProductDependency section */

/* Begin XCVersionGroup section */
		4618404F2402EF21001A05EA /* ProjetAppMobile.xcdatamodeld */ = {
			isa = XCVersionGroup;
			children = (
				461840502402EF21001A05EA /* ProjetAppMobile.xcdatamodel */,
			);
			currentVersion = 461840502402EF21001A05EA /* ProjetAppMobile.xcdatamodel */;
			path = ProjetAppMobile.xcdatamodeld;
			sourceTree = "<group>";
			versionGroupType = wrapper.xcdatamodel;
		};
/* End XCVersionGroup section */
	};
	rootObject = 461840402402EF21001A05EA /* Project object */;
}
